
Microsoft Visual Studio Solution File, Format Version 12.00
# Visual Studio Version 17
VisualStudioVersion = 17.6.33712.159
MinimumVisualStudioVersion = 10.0.40219.1
Project("{FAE04EC0-301F-11D3-BF4B-00C04F79EFBC}") = "AspIdentityMVC", "AspIdentityMVC\AspIdentityMVC.csproj", "{DBCE4FC3-7E85-4048-BE8D-7A1165A72462}"
EndProject
Global
	GlobalSection(SolutionConfigurationPlatforms) = preSolution
		Debug|Any CPU = Debug|Any CPU
		Release|Any CPU = Release|Any CPU
	EndGlobalSection
	GlobalSection(ProjectConfigurationPlatforms) = postSolution
		{DBCE4FC3-7E85-4048-BE8D-7A1165A72462}.Debug|Any CPU.ActiveCfg = Debug|Any CPU
		{DBCE4FC3-7E85-4048-BE8D-7A1165A72462}.Debug|Any CPU.Build.0 = Debug|Any CPU
		{DBCE4FC3-7E85-4048-BE8D-7A1165A72462}.Release|Any CPU.ActiveCfg = Release|Any CPU
		{DBCE4FC3-7E85-4048-BE8D-7A1165A72462}.Release|Any CPU.Build.0 = Release|Any CPU
	EndGlobalSection
	GlobalSection(SolutionProperties) = preSolution
		HideSolutionNode = FALSE
	EndGlobalSection
	GlobalSection(ExtensibilityGlobals) = postSolution
		SolutionGuid = {8114AEB0-D92F-4600-B918-41B9ADAF770B}
	EndGlobalSection
EndGlobal
